
Microsoft Visual Studio Solution File, Format Version 12.00
# Visual Studio 15
VisualStudioVersion = 15.0.28307.572
MinimumVisualStudioVersion = 10.0.40219.1
Project("{FAE04EC0-301F-11D3-BF4B-00C04F79EFBC}") = "SpriteRotate", "SpriteRotate.csproj", "{A86CA906-A8AE-4B90-B657-387A9FB70253}"
EndProject
Global
	GlobalSection(SolutionConfigurationPlatforms) = preSolution
		Debug|Any CPU = Debug|Any CPU
		Release|Any CPU = Release|Any CPU
	EndGlobalSection
	GlobalSection(ProjectConfigurationPlatforms) = postSolution
		{A86CA906-A8AE-4B90-B657-387A9FB70253}.Debug|Any CPU.ActiveCfg = Debug|Any CPU
		{A86CA906-A8AE-4B90-B657-387A9FB70253}.Debug|Any CPU.Build.0 = Debug|Any CPU
		{A86CA906-A8AE-4B90-B657-387A9FB70253}.Release|Any CPU.ActiveCfg = Release|Any CPU
		{A86CA906-A8AE-4B90-B657-387A9FB70253}.Release|Any CPU.Build.0 = Release|Any CPU
	EndGlobalSection
	GlobalSection(SolutionProperties) = preSolution
		HideSolutionNode = FALSE
	EndGlobalSection
EndGlobal
